
Microsoft Visual Studio Solution File, Format Version 12.00
# Visual Studio Version 16
VisualStudioVersion = 16.0.29411.108
MinimumVisualStudioVersion = 10.0.40219.1
Project("{FAE04EC0-301F-11D3-BF4B-00C04F79EFBC}") = "GUI", "GUI\GUI.csproj", "{7BD3212F-0EF1-4D83-B804-76D51A8FB49B}"
EndProject
Project("{FAE04EC0-301F-11D3-BF4B-00C04F79EFBC}") = "BUS", "BUS\BUS.csproj", "{C7BBF321-48DF-42EB-BC04-15F4644F0741}"
EndProject
Project("{FAE04EC0-301F-11D3-BF4B-00C04F79EFBC}") = "DAO", "DAO\DAO.csproj", "{705020C0-AA27-4007-AF8C-519410D69F51}"
EndProject
Project("{FAE04EC0-301F-11D3-BF4B-00C04F79EFBC}") = "DTO", "DTO\DTO.csproj", "{5A00125E-AC2E-4E4C-B9FA-54D19285F438}"
EndProject
Global
	GlobalSection(SolutionConfigurationPlatforms) = preSolution
		Debug|Any CPU = Debug|Any CPU
		Release|Any CPU = Release|Any CPU
	EndGlobalSection
	GlobalSection(ProjectConfigurationPlatforms) = postSolution
		{7BD3212F-0EF1-4D83-B804-76D51A8FB49B}.Debug|Any CPU.ActiveCfg = Debug|Any CPU
		{7BD3212F-0EF1-4D83-B804-76D51A8FB49B}.Debug|Any CPU.Build.0 = Debug|Any CPU
		{7BD3212F-0EF1-4D83-B804-76D51A8FB49B}.Release|Any CPU.ActiveCfg = Release|Any CPU
		{7BD3212F-0EF1-4D83-B804-76D51A8FB49B}.Release|Any CPU.Build.0 = Release|Any CPU
		{C7BBF321-48DF-42EB-BC04-15F4644F0741}.Debug|Any CPU.ActiveCfg = Debug|Any CPU
		{C7BBF321-48DF-42EB-BC04-15F4644F0741}.Debug|Any CPU.Build.0 = Debug|Any CPU
		{C7BBF321-48DF-42EB-BC04-15F4644F0741}.Release|Any CPU.ActiveCfg = Release|Any CPU
		{C7BBF321-48DF-42EB-BC04-15F4644F0741}.Release|Any CPU.Build.0 = Release|Any CPU
		{705020C0-AA27-4007-AF8C-519410D69F51}.Debug|Any CPU.ActiveCfg = Debug|Any CPU
		{705020C0-AA27-4007-AF8C-519410D69F51}.Debug|Any CPU.Build.0 = Debug|Any CPU
		{705020C0-AA27-4007-AF8C-519410D69F51}.Release|Any CPU.ActiveCfg = Release|Any CPU
		{705020C0-AA27-4007-AF8C-519410D69F51}.Release|Any CPU.Build.0 = Release|Any CPU
		{5A00125E-AC2E-4E4C-B9FA-54D19285F438}.Debug|Any CPU.ActiveCfg = Debug|Any CPU
		{5A00125E-AC2E-4E4C-B9FA-54D19285F438}.Debug|Any CPU.Build.0 = Debug|Any CPU
		{5A00125E-AC2E-4E4C-B9FA-54D19285F438}.Release|Any CPU.ActiveCfg = Release|Any CPU
		{5A00125E-AC2E-4E4C-B9FA-54D19285F438}.Release|Any CPU.Build.0 = Release|Any CPU
	EndGlobalSection
	GlobalSection(SolutionProperties) = preSolution
		HideSolutionNode = FALSE
	EndGlobalSection
	GlobalSection(ExtensibilityGlobals) = postSolution
		SolutionGuid = {A61A6F47-9222-4785-8C5E-6DA98475B0A3}
	EndGlobalSection
EndGlobal
